// !$*UTF8*$!
{
	archiveVersion = 1;
	classes = {
	};
	objectVersion = 46;
	objects = {

/* Begin PBXBuildFile section */
		F1D4215A1F5F975C0099F16E /* main.m in Sources */ = {isa = PBXBuildFile; fileRef = F1D421591F5F975C0099F16E /* main.m */; };
		F1D4215D1F5F975C0099F16E /* AppDelegate.m in Sources */ = {isa = PBXBuildFile; fileRef = F1D4215C1F5F975C0099F16E /* AppDelegate.m */; };
		F1D421601F5F975C0099F16E /* ViewController.m in Sources */ = {isa = PBXBuildFile; fileRef = F1D4215F1F5F975C0099F16E /* ViewController.m */; };
		F1D421631F5F975C0099F16E /* Main.storyboard in Resources */ = {isa = PBXBuildFile; fileRef = F1D421611F5F975C0099F16E /* Main.storyboard */; };
		F1D421651F5F975C0099F16E /* Assets.xcassets in Resources */ = {isa = PBXBuildFile; fileRef = F1D421641F5F975C0099F16E /* Assets.xcassets */; };
		F1D421681F5F975C0099F16E /* LaunchScreen.storyboard in Resources */ = {isa = PBXBuildFile; fileRef = F1D421661F5F975C0099F16E /* LaunchScreen.storyboard */; };
		F1D421771F5FA3410099F16E /* Person.m in Sources */ = {isa = PBXBuildFile; fileRef = F1D421761F5FA3410099F16E /* Person.m */; };
		F1D4217D1F5FA35B0099F16E /* Dog.m in Sources */ = {isa = PBXBuildFile; fileRef = F1D4217C1F5FA35B0099F16E /* Dog.m */; };
		F1D421801F5FC70D0099F16E /* Book.m in Sources */ = {isa = PBXBuildFile; fileRef = F1D4217F1F5FC70D0099F16E /* Book.m */; };
		F1D421831F5FD63C0099F16E /* Nation.m in Sources */ = {isa = PBXBuildFile; fileRef = F1D421821F5FD63C0099F16E /* Nation.m */; };
/* End PBXBuildFile section */

/* Begin PBXFileReference section */
		F1D421551F5F975C0099F16E /* KVO.app */ = {isa = PBXFileReference; explicitFileType = wrapper.application; includeInIndex = 0; path = KVO.app; sourceTree = BUILT_PRODUCTS_DIR; };
		F1D421591F5F975C0099F16E /* main.m */ = {isa = PBXFileReference; lastKnownFileType = sourcecode.c.objc; path = main.m; sourceTree = "<group>"; };
		F1D4215B1F5F975C0099F16E /* AppDelegate.h */ = {isa = PBXFileReference; lastKnownFileType = sourcecode.c.h; path = AppDelegate.h; sourceTree = "<group>"; };
		F1D4215C1F5F975C0099F16E /* AppDelegate.m */ = {isa = PBXFileReference; lastKnownFileType = sourcecode.c.objc; path = AppDelegate.m; sourceTree = "<group>"; };
		F1D4215E1F5F975C0099F16E /* ViewController.h */ = {isa = PBXFileReference; lastKnownFileType = sourcecode.c.h; path = ViewController.h; sourceTree = "<group>"; };
		F1D4215F1F5F975C0099F16E /* ViewController.m */ = {isa = PBXFileReference; lastKnownFileType = sourcecode.c.objc; path = ViewController.m; sourceTree = "<group>"; };
		F1D421621F5F975C0099F16E /* Base */ = {isa = PBXFileReference; lastKnownFileType = file.storyboard; name = Base; path = Base.lproj/Main.storyboard; sourceTree = "<group>"; };
		F1D421641F5F975C0099F16E /* Assets.xcassets */ = {isa = PBXFileReference; lastKnownFileType = folder.assetcatalog; path = Assets.xcassets; sourceTree = "<group>"; };
		F1D421671F5F975C0099F16E /* Base */ = {isa = PBXFileReference; lastKnownFileType = file.storyboard; name = Base; path = Base.lproj/LaunchScreen.storyboard; sourceTree = "<group>"; };
		F1D421691F5F975C0099F16E /* Info.plist */ = {isa = PBXFileReference; lastKnownFileType = text.plist.xml; path = Info.plist; sourceTree = "<group>"; };
		F1D421751F5FA3410099F16E /* Person.h */ = {isa = PBXFileReference; fileEncoding = 4; lastKnownFileType = sourcecode.c.h; path = Person.h; sourceTree = "<group>"; };
		F1D421761F5FA3410099F16E /* Person.m */ = {isa = PBXFileReference; fileEncoding = 4; lastKnownFileType = sourcecode.c.objc; path = Person.m; sourceTree = "<group>"; };
		F1D4217B1F5FA35B0099F16E /* Dog.h */ = {isa = PBXFileReference; fileEncoding = 4; lastKnownFileType = sourcecode.c.h; path = Dog.h; sourceTree = "<group>"; };
		F1D4217C1F5FA35B0099F16E /* Dog.m */ = {isa = PBXFileReference; fileEncoding = 4; lastKnownFileType = sourcecode.c.objc; path = Dog.m; sourceTree = "<group>"; };
		F1D4217E1F5FC70D0099F16E /* Book.h */ = {isa = PBXFileReference; fileEncoding = 4; lastKnownFileType = sourcecode.c.h; path = Book.h; sourceTree = "<group>"; };
		F1D4217F1F5FC70D0099F16E /* Book.m */ = {isa = PBXFileReference; fileEncoding = 4; lastKnownFileType = sourcecode.c.objc; path = Book.m; sourceTree = "<group>"; };
		F1D421811F5FD63C0099F16E /* Nation.h */ = {isa = PBXFileReference; fileEncoding = 4; lastKnownFileType = sourcecode.c.h; path = Nation.h; sourceTree = "<group>"; };
		F1D421821F5FD63C0099F16E /* Nation.m */ = {isa = PBXFileReference; fileEncoding = 4; lastKnownFileType = sourcecode.c.objc; path = Nation.m; sourceTree = "<group>"; };
/* End PBXFileReference section */

/* Begin PBXFrameworksBuildPhase section */
		F1D421521F5F975C0099F16E /* Frameworks */ = {
			isa = PBXFrameworksBuildPhase;
			buildActionMask = 2147483647;
			files = (
			);
			runOnlyForDeploymentPostprocessing = 0;
		};
/* End PBXFrameworksBuildPhase section */

/* Begin PBXGroup section */
		F1D4214C1F5F975C0099F16E = {
			isa = PBXGroup;
			children = (
				F1D421571F5F975C0099F16E /* KVO */,
				F1D421561F5F975C0099F16E /* Products */,
			);
			sourceTree = "<group>";
		};
		F1D421561F5F975C0099F16E /* Products */ = {
			isa = PBXGroup;
			children = (
				F1D421551F5F975C0099F16E /* KVO.app */,
			);
			name = Products;
			sourceTree = "<group>";
		};
		F1D421571F5F975C0099F16E /* KVO */ = {
			isa = PBXGroup;
			children = (
				F1D4215B1F5F975C0099F16E /* AppDelegate.h */,
				F1D4215C1F5F975C0099F16E /* AppDelegate.m */,
				F1D4215E1F5F975C0099F16E /* ViewController.h */,
				F1D4215F1F5F975C0099F16E /* ViewController.m */,
				F1D421751F5FA3410099F16E /* Person.h */,
				F1D421761F5FA3410099F16E /* Person.m */,
				F1D4217B1F5FA35B0099F16E /* Dog.h */,
				F1D4217C1F5FA35B0099F16E /* Dog.m */,
				F1D4217E1F5FC70D0099F16E /* Book.h */,
				F1D4217F1F5FC70D0099F16E /* Book.m */,
				F1D421811F5FD63C0099F16E /* Nation.h */,
				F1D421821F5FD63C0099F16E /* Nation.m */,
				F1D421611F5F975C0099F16E /* Main.storyboard */,
				F1D421641F5F975C0099F16E /* Assets.xcassets */,
				F1D421661F5F975C0099F16E /* LaunchScreen.storyboard */,
				F1D421691F5F975C0099F16E /* Info.plist */,
				F1D421581F5F975C0099F16E /* Supporting Files */,
			);
			path = KVO;
			sourceTree = "<group>";
		};
		F1D421581F5F975C0099F16E /* Supporting Files */ = {
			isa = PBXGroup;
			children = (
				F1D421591F5F975C0099F16E /* main.m */,
			);
			name = "Supporting Files";
			sourceTree = "<group>";
		};
/* End PBXGroup section */

/* Begin PBXNativeTarget section */
		F1D421541F5F975C0099F16E /* KVO */ = {
			isa = PBXNativeTarget;
			buildConfigurationList = F1D4216C1F5F975C0099F16E /* Build configuration list for PBXNativeTarget "KVO" */;
			buildPhases = (
				F1D421511F5F975C0099F16E /* Sources */,
				F1D421521F5F975C0099F16E /* Frameworks */,
				F1D421531F5F975C0099F16E /* Resources */,
			);
			buildRules = (
			);
			dependencies = (
			);
			name = KVO;
			productName = KVO;
			productReference = F1D421551F5F975C0099F16E /* KVO.app */;
			productType = "com.apple.product-type.application";
		};
/* End PBXNativeTarget section */

/* Begin PBXProject section */
		F1D4214D1F5F975C0099F16E /* Project object */ = {
			isa = PBXProject;
			attributes = {
				LastUpgradeCheck = 0830;
				ORGANIZATIONNAME = XiFeng;
				TargetAttributes = {
					F1D421541F5F975C0099F16E = {
						CreatedOnToolsVersion = 8.3.2;
						ProvisioningStyle = Automatic;
					};
				};
			};
			buildConfigurationList = F1D421501F5F975C0099F16E /* Build configuration list for PBXProject "KVO" */;
			compatibilityVersion = "Xcode 3.2";
			developmentRegion = English;
			hasScannedForEncodings = 0;
			knownRegions = (
				en,
				Base,
			);
			mainGroup = F1D4214C1F5F975C0099F16E;
			productRefGroup = F1D421561F5F975C0099F16E /* Products */;
			projectDirPath = "";
			projectRoot = "";
			targets = (
				F1D421541F5F975C0099F16E /* KVO */,
			);
		};
/* End PBXProject section */

/* Begin PBXResourcesBuildPhase section */
		F1D421531F5F975C0099F16E /* Resources */ = {
			isa = PBXResourcesBuildPhase;
			buildActionMask = 2147483647;
			files = (
				F1D421681F5F975C0099F16E /* LaunchScreen.storyboard in Resources */,
				F1D421651F5F975C0099F16E /* Assets.xcassets in Resources */,
				F1D421631F5F975C0099F16E /* Main.storyboard in Resources */,
			);
			runOnlyForDeploymentPostprocessing = 0;
		};
/* End PBXResourcesBuildPhase section */

/* Begin PBXSourcesBuildPhase section */
		F1D421511F5F975C0099F16E /* Sources */ = {
			isa = PBXSourcesBuildPhase;
			buildActionMask = 2147483647;
			files = (
				F1D421601F5F975C0099F16E /* ViewController.m in Sources */,
				F1D4215D1F5F975C0099F16E /* AppDelegate.m in Sources */,
				F1D421831F5FD63C0099F16E /* Nation.m in Sources */,
				F1D4217D1F5FA35B0099F16E /* Dog.m in Sources */,
				F1D421771F5FA3410099F16E /* Person.m in Sources */,
				F1D421801F5FC70D0099F16E /* Book.m in Sources */,
				F1D4215A1F5F975C0099F16E /* main.m in Sources */,
			);
			runOnlyForDeploymentPostprocessing = 0;
		};
/* End PBXSourcesBuildPhase section */

/* Begin PBXVariantGroup section */
		F1D421611F5F975C0099F16E /* Main.storyboard */ = {
			isa = PBXVariantGroup;
			children = (
				F1D421621F5F975C0099F16E /* Base */,
			);
			name = Main.storyboard;
			sourceTree = "<group>";
		};
		F1D421661F5F975C0099F16E /* LaunchScreen.storyboard */ = {
			isa = PBXVariantGroup;
			children = (
				F1D421671F5F975C0099F16E /* Base */,
			);
			name = LaunchScreen.storyboard;
			sourceTree = "<group>";
		};
/* End PBXVariantGroup section */

/* Begin XCBuildConfiguration section */
		F1D4216A1F5F975C0099F16E /* Debug */ = {
			isa = XCBuildConfiguration;
			buildSettings = {
				ALWAYS_SEARCH_USER_PATHS = NO;
				CLANG_ANALYZER_NONNULL = YES;
				CLANG_ANALYZER_NUMBER_OBJECT_CONVERSION = YES_AGGRESSIVE;
				CLANG_CXX_LANGUAGE_STANDARD = "gnu++0x";
				CLANG_CXX_LIBRARY = "libc++";
				CLANG_ENABLE_MODULES = YES;
				CLANG_ENABLE_OBJC_ARC = YES;
				CLANG_WARN_BOOL_CONVERSION = YES;
				CLANG_WARN_CONSTANT_CONVERSION = YES;
				CLANG_WARN_DIRECT_OBJC_ISA_USAGE = YES_ERROR;
				CLANG_WARN_DOCUMENTATION_COMMENTS = YES;
				CLANG_WARN_EMPTY_BODY = YES;
				CLANG_WARN_ENUM_CONVERSION = YES;
				CLANG_WARN_INFINITE_RECURSION = YES;
				CLANG_WARN_INT_CONVERSION = YES;
				CLANG_WARN_OBJC_ROOT_CLASS = YES_ERROR;
				CLANG_WARN_SUSPICIOUS_MOVE = YES;
				CLANG_WARN_UNREACHABLE_CODE = YES;
				CLANG_WARN__DUPLICATE_METHOD_MATCH = YES;
				"CODE_SIGN_IDENTITY[sdk=iphoneos*]" = "iPhone Developer";
				COPY_PHASE_STRIP = NO;
				DEBUG_INFORMATION_FORMAT = dwarf;
				ENABLE_STRICT_OBJC_MSGSEND = YES;
				ENABLE_TESTABILITY = YES;
				GCC_C_LANGUAGE_STANDARD = gnu99;
				GCC_DYNAMIC_NO_PIC = NO;
				GCC_NO_COMMON_BLOCKS = YES;
				GCC_OPTIMIZATION_LEVEL = 0;
				GCC_PREPROCESSOR_DEFINITIONS = (
					"DEBUG=1",
					"$(inherited)",
				);
				GCC_WARN_64_TO_32_BIT_CONVERSION = YES;
				GCC_WARN_ABOUT_RETURN_TYPE = YES_ERROR;
				GCC_WARN_UNDECLARED_SELECTOR = YES;
				GCC_WARN_UNINITIALIZED_AUTOS = YES_AGGRESSIVE;
				GCC_WARN_UNUSED_FUNCTION = YES;
				GCC_WARN_UNUSED_VARIABLE = YES;
				IPHONEOS_DEPLOYMENT_TARGET = 10.3;
				MTL_ENABLE_DEBUG_INFO = YES;
				ONLY_ACTIVE_ARCH = YES;
				SDKROOT = iphoneos;
				TARGETED_DEVICE_FAMILY = "1,2";
			};
			name = Debug;
		};
		F1D4216B1F5F975C0099F16E /* Release */ = {
			isa = XCBuildConfiguration;
			buildSettings = {
				ALWAYS_SEARCH_USER_PATHS = NO;
				CLANG_ANALYZER_NONNULL = YES;
				CLANG_ANALYZER_NUMBER_OBJECT_CONVERSION = YES_AGGRESSIVE;
				CLANG_CXX_LANGUAGE_STANDARD = "gnu++0x";
				CLANG_CXX_LIBRARY = "libc++";
				CLANG_ENABLE_MODULES = YES;
				CLANG_ENABLE_OBJC_ARC = YES;
				CLANG_WARN_BOOL_CONVERSION = YES;
				CLANG_WARN_CONSTANT_CONVERSION = YES;
				CLANG_WARN_DIRECT_OBJC_ISA_USAGE = YES_ERROR;
				CLANG_WARN_DOCUMENTATION_COMMENTS = YES;
				CLANG_WARN_EMPTY_BODY = YES;
				CLANG_WARN_ENUM_CONVERSION = YES;
				CLANG_WARN_INFINITE_RECURSION = YES;
				CLANG_WARN_INT_CONVERSION = YES;
				CLANG_WARN_OBJC_ROOT_CLASS = YES_ERROR;
				CLANG_WARN_SUSPICIOUS_MOVE = YES;
				CLANG_WARN_UNREACHABLE_CODE = YES;
				CLANG_WARN__DUPLICATE_METHOD_MATCH = YES;
				"CODE_SIGN_IDENTITY[sdk=iphoneos*]" = "iPhone Developer";
				COPY_PHASE_STRIP = NO;
				DEBUG_INFORMATION_FORMAT = "dwarf-with-dsym";
				ENABLE_NS_ASSERTIONS = NO;
				ENABLE_STRICT_OBJC_MSGSEND = YES;
				GCC_C_LANGUAGE_STANDARD = gnu99;
				GCC_NO_COMMON_BLOCKS = YES;
				GCC_WARN_64_TO_32_BIT_CONVERSION = YES;
				GCC_WARN_ABOUT_RETURN_TYPE = YES_ERROR;
				GCC_WARN_UNDECLARED_SELECTOR = YES;
				GCC_WARN_UNINITIALIZED_AUTOS = YES_AGGRESSIVE;
				GCC_WARN_UNUSED_FUNCTION = YES;
				GCC_WARN_UNUSED_VARIABLE = YES;
				IPHONEOS_DEPLOYMENT_TARGET = 10.3;
				MTL_ENABLE_DEBUG_INFO = NO;
				SDKROOT = iphoneos;
				TARGETED_DEVICE_FAMILY = "1,2";
				VALIDATE_PRODUCT = YES;
			};
			name = Release;
		};
		F1D4216D1F5F975C0099F16E /* Debug */ = {
			isa = XCBuildConfiguration;
			buildSettings = {
				ASSETCATALOG_COMPILER_APPICON_NAME = AppIcon;
				INFOPLIST_FILE = KVO/Info.plist;
				LD_RUNPATH_SEARCH_PATHS = "$(inherited) @executable_path/Frameworks";
				PRODUCT_BUNDLE_IDENTIFIER = XF.KVO;
				PRODUCT_NAME = "$(TARGET_NAME)";
			};
			name = Debug;
		};
		F1D4216E1F5F975C0099F16E /* Release */ = {
			isa = XCBuildConfiguration;
			buildSettings = {
				ASSETCATALOG_COMPILER_APPICON_NAME = AppIcon;
				INFOPLIST_FILE = KVO/Info.plist;
				LD_RUNPATH_SEARCH_PATHS = "$(inherited) @executable_path/Frameworks";
				PRODUCT_BUNDLE_IDENTIFIER = XF.KVO;
				PRODUCT_NAME = "$(TARGET_NAME)";
			};
			name = Release;
		};
/* End XCBuildConfiguration section */

/* Begin XCConfigurationList section */
		F1D421501F5F975C0099F16E /* Build configuration list for PBXProject "KVO" */ = {
			isa = XCConfigurationList;
			buildConfigurations = (
				F1D4216A1F5F975C0099F16E /* Debug */,
				F1D4216B1F5F975C0099F16E /* Release */,
			);
			defaultConfigurationIsVisible = 0;
			defaultConfigurationName = Release;
		};
		F1D4216C1F5F975C0099F16E /* Build configuration list for PBXNativeTarget "KVO" */ = {
			isa = XCConfigurationList;
			buildConfigurations = (
				F1D4216D1F5F975C0099F16E /* Debug */,
				F1D4216E1F5F975C0099F16E /* Release */,
			);
			defaultConfigurationIsVisible = 0;
		};
/* End XCConfigurationList section */
	};
	rootObject = F1D4214D1F5F975C0099F16E /* Project object */;
}
